// !$*UTF8*$!
{
	archiveVersion = 1;
	classes = {
	};
	objectVersion = 50;
	objects = {

/* Begin PBXBuildFile section */
		EBF6E2DC23165A4F001821C8 /* AppDelegate.swift in Sources */ = {isa = PBXBuildFile; fileRef = EBF6E2DB23165A4F001821C8 /* AppDelegate.swift */; };
		EBF6E2DE23165A4F001821C8 /* ViewController.swift in Sources */ = {isa = PBXBuildFile; fileRef = EBF6E2DD23165A4F001821C8 /* ViewController.swift */; };
		EBF6E2E123165A4F001821C8 /* Main.storyboard in Resources */ = {isa = PBXBuildFile; fileRef = EBF6E2DF23165A4F001821C8 /* Main.storyboard */; };
		EBF6E2E323165A5E001821C8 /* Assets.xcassets in Resources */ = {isa = PBXBuildFile; fileRef = EBF6E2E223165A5E001821C8 /* Assets.xcassets */; };
		EBF6E2E623165A5E001821C8 /* LaunchScreen.storyboard in Resources */ = {isa = PBXBuildFile; fileRef = EBF6E2E423165A5E001821C8 /* LaunchScreen.storyboard */; };
		EBF6E2EE23165B48001821C8 /* listTableViewCell.swift in Sources */ = {isa = PBXBuildFile; fileRef = EBF6E2ED23165B48001821C8 /* listTableViewCell.swift */; };
		EBF6E2F023165B5B001821C8 /* LoadTableViewCell.swift in Sources */ = {isa = PBXBuildFile; fileRef = EBF6E2EF23165B5B001821C8 /* LoadTableViewCell.swift */; };
/* End PBXBuildFile section */

/* Begin PBXFileReference section */
		EBF6E2D823165A4F001821C8 /* PaginationTableview.app */ = {isa = PBXFileReference; explicitFileType = wrapper.application; includeInIndex = 0; path = PaginationTableview.app; sourceTree = BUILT_PRODUCTS_DIR; };
		EBF6E2DB23165A4F001821C8 /* AppDelegate.swift */ = {isa = PBXFileReference; lastKnownFileType = sourcecode.swift; path = AppDelegate.swift; sourceTree = "<group>"; };
		EBF6E2DD23165A4F001821C8 /* ViewController.swift */ = {isa = PBXFileReference; lastKnownFileType = sourcecode.swift; path = ViewController.swift; sourceTree = "<group>"; };
		EBF6E2E023165A4F001821C8 /* Base */ = {isa = PBXFileReference; lastKnownFileType = file.storyboard; name = Base; path = Base.lproj/Main.storyboard; sourceTree = "<group>"; };
		EBF6E2E223165A5E001821C8 /* Assets.xcassets */ = {isa = PBXFileReference; lastKnownFileType = folder.assetcatalog; path = Assets.xcassets; sourceTree = "<group>"; };
		EBF6E2E523165A5E001821C8 /* Base */ = {isa = PBXFileReference; lastKnownFileType = file.storyboard; name = Base; path = Base.lproj/LaunchScreen.storyboard; sourceTree = "<group>"; };
		EBF6E2E723165A5E001821C8 /* Info.plist */ = {isa = PBXFileReference; lastKnownFileType = text.plist.xml; path = Info.plist; sourceTree = "<group>"; };
		EBF6E2ED23165B48001821C8 /* listTableViewCell.swift */ = {isa = PBXFileReference; lastKnownFileType = sourcecode.swift; path = listTableViewCell.swift; sourceTree = "<group>"; };
		EBF6E2EF23165B5B001821C8 /* LoadTableViewCell.swift */ = {isa = PBXFileReference; lastKnownFileType = sourcecode.swift; path = LoadTableViewCell.swift; sourceTree = "<group>"; };
/* End PBXFileReference section */

/* Begin PBXFrameworksBuildPhase section */
		EBF6E2D523165A4F001821C8 /* Frameworks */ = {
			isa = PBXFrameworksBuildPhase;
			buildActionMask = 2147483647;
			files = (
			);
			runOnlyForDeploymentPostprocessing = 0;
		};
/* End PBXFrameworksBuildPhase section */

/* Begin PBXGroup section */
		EBF6E2CF23165A4F001821C8 = {
			isa = PBXGroup;
			children = (
				EBF6E2DA23165A4F001821C8 /* PaginationTableview */,
				EBF6E2D923165A4F001821C8 /* Products */,
			);
			sourceTree = "<group>";
		};
		EBF6E2D923165A4F001821C8 /* Products */ = {
			isa = PBXGroup;
			children = (
				EBF6E2D823165A4F001821C8 /* PaginationTableview.app */,
			);
			name = Products;
			sourceTree = "<group>";
		};
		EBF6E2DA23165A4F001821C8 /* PaginationTableview */ = {
			isa = PBXGroup;
			children = (
				EBF6E2DB23165A4F001821C8 /* AppDelegate.swift */,
				EBF6E2DD23165A4F001821C8 /* ViewController.swift */,
				EBF6E2ED23165B48001821C8 /* listTableViewCell.swift */,
				EBF6E2EF23165B5B001821C8 /* LoadTableViewCell.swift */,
				EBF6E2DF23165A4F001821C8 /* Main.storyboard */,
				EBF6E2E223165A5E001821C8 /* Assets.xcassets */,
				EBF6E2E423165A5E001821C8 /* LaunchScreen.storyboard */,
				EBF6E2E723165A5E001821C8 /* Info.plist */,
			);
			path = PaginationTableview;
			sourceTree = "<group>";
		};
/* End PBXGroup section */

/* Begin PBXNativeTarget section */
		EBF6E2D723165A4F001821C8 /* PaginationTableview */ = {
			isa = PBXNativeTarget;
			buildConfigurationList = EBF6E2EA23165A5E001821C8 /* Build configuration list for PBXNativeTarget "PaginationTableview" */;
			buildPhases = (
				EBF6E2D423165A4F001821C8 /* Sources */,
				EBF6E2D523165A4F001821C8 /* Frameworks */,
				EBF6E2D623165A4F001821C8 /* Resources */,
			);
			buildRules = (
			);
			dependencies = (
			);
			name = PaginationTableview;
			productName = PaginationTableview;
			productReference = EBF6E2D823165A4F001821C8 /* PaginationTableview.app */;
			productType = "com.apple.product-type.application";
		};
/* End PBXNativeTarget section */

/* Begin PBXProject section */
		EBF6E2D023165A4F001821C8 /* Project object */ = {
			isa = PBXProject;
			attributes = {
				LastSwiftUpdateCheck = 1010;
				LastUpgradeCheck = 1010;
				ORGANIZATIONNAME = harish;
				TargetAttributes = {
					EBF6E2D723165A4F001821C8 = {
						CreatedOnToolsVersion = 10.1;
					};
				};
			};
			buildConfigurationList = EBF6E2D323165A4F001821C8 /* Build configuration list for PBXProject "PaginationTableview" */;
			compatibilityVersion = "Xcode 9.3";
			developmentRegion = en;
			hasScannedForEncodings = 0;
			knownRegions = (
				en,
				Base,
			);
			mainGroup = EBF6E2CF23165A4F001821C8;
			productRefGroup = EBF6E2D923165A4F001821C8 /* Products */;
			projectDirPath = "";
			projectRoot = "";
			targets = (
				EBF6E2D723165A4F001821C8 /* PaginationTableview */,
			);
		};
/* End PBXProject section */

/* Begin PBXResourcesBuildPhase section */
		EBF6E2D623165A4F001821C8 /* Resources */ = {
			isa = PBXResourcesBuildPhase;
			buildActionMask = 2147483647;
			files = (
				EBF6E2E623165A5E001821C8 /* LaunchScreen.storyboard in Resources */,
				EBF6E2E323165A5E001821C8 /* Assets.xcassets in Resources */,
				EBF6E2E123165A4F001821C8 /* Main.storyboard in Resources */,
			);
			runOnlyForDeploymentPostprocessing = 0;
		};
/* End PBXResourcesBuildPhase section */

/* Begin PBXSourcesBuildPhase section */
		EBF6E2D423165A4F001821C8 /* Sources */ = {
			isa = PBXSourcesBuildPhase;
			buildActionMask = 2147483647;
			files = (
				EBF6E2EE23165B48001821C8 /* listTableViewCell.swift in Sources */,
				EBF6E2F023165B5B001821C8 /* LoadTableViewCell.swift in Sources */,
				EBF6E2DE23165A4F001821C8 /* ViewController.swift in Sources */,
				EBF6E2DC23165A4F001821C8 /* AppDelegate.swift in Sources */,
			);
			runOnlyForDeploymentPostprocessing = 0;
		};
/* End PBXSourcesBuildPhase section */

/* Begin PBXVariantGroup section */
		EBF6E2DF23165A4F001821C8 /* Main.storyboard */ = {
			isa = PBXVariantGroup;
			children = (
				EBF6E2E023165A4F001821C8 /* Base */,
			);
			name = Main.storyboard;
			sourceTree = "<group>";
		};
		EBF6E2E423165A5E001821C8 /* LaunchScreen.storyboard */ = {
			isa = PBXVariantGroup;
			children = (
				EBF6E2E523165A5E001821C8 /* Base */,
			);
			name = LaunchScreen.storyboard;
			sourceTree = "<group>";
		};
/* End PBXVariantGroup section */

/* Begin XCBuildConfiguration section */
		EBF6E2E823165A5E001821C8 /* Debug */ = {
			isa = XCBuildConfiguration;
			buildSettings = {
				ALWAYS_SEARCH_USER_PATHS = NO;
				CLANG_ANALYZER_NONNULL = YES;
				CLANG_ANALYZER_NUMBER_OBJECT_CONVERSION = YES_AGGRESSIVE;
				CLANG_CXX_LANGUAGE_STANDARD = "gnu++14";
				CLANG_CXX_LIBRARY = "libc++";
				CLANG_ENABLE_MODULES = YES;
				CLANG_ENABLE_OBJC_ARC = YES;
				CLANG_ENABLE_OBJC_WEAK = YES;
				CLANG_WARN_BLOCK_CAPTURE_AUTORELEASING = YES;
				CLANG_WARN_BOOL_CONVERSION = YES;
				CLANG_WARN_COMMA = YES;
				CLANG_WARN_CONSTANT_CONVERSION = YES;
				CLANG_WARN_DEPRECATED_OBJC_IMPLEMENTATIONS = YES;
				CLANG_WARN_DIRECT_OBJC_ISA_USAGE = YES_ERROR;
				CLANG_WARN_DOCUMENTATION_COMMENTS = YES;
				CLANG_WARN_EMPTY_BODY = YES;
				CLANG_WARN_ENUM_CONVERSION = YES;
				CLANG_WARN_INFINITE_RECURSION = YES;
				CLANG_WARN_INT_CONVERSION = YES;
				CLANG_WARN_NON_LITERAL_NULL_CONVERSION = YES;
				CLANG_WARN_OBJC_IMPLICIT_RETAIN_SELF = YES;
				CLANG_WARN_OBJC_LITERAL_CONVERSION = YES;
				CLANG_WARN_OBJC_ROOT_CLASS = YES_ERROR;
				CLANG_WARN_RANGE_LOOP_ANALYSIS = YES;
				CLANG_WARN_STRICT_PROTOTYPES = YES;
				CLANG_WARN_SUSPICIOUS_MOVE = YES;
				CLANG_WARN_UNGUARDED_AVAILABILITY = YES_AGGRESSIVE;
				CLANG_WARN_UNREACHABLE_CODE = YES;
				CLANG_WARN__DUPLICATE_METHOD_MATCH = YES;
				CODE_SIGN_IDENTITY = "iPhone Developer";
				COPY_PHASE_STRIP = NO;
				DEBUG_INFORMATION_FORMAT = dwarf;
				ENABLE_STRICT_OBJC_MSGSEND = YES;
				ENABLE_TESTABILITY = YES;
				GCC_C_LANGUAGE_STANDARD = gnu11;
				GCC_DYNAMIC_NO_PIC = NO;
				GCC_NO_COMMON_BLOCKS = YES;
				GCC_OPTIMIZATION_LEVEL = 0;
				GCC_PREPROCESSOR_DEFINITIONS = (
					"DEBUG=1",
					"$(inherited)",
				);
				GCC_WARN_64_TO_32_BIT_CONVERSION = YES;
				GCC_WARN_ABOUT_RETURN_TYPE = YES_ERROR;
				GCC_WARN_UNDECLARED_SELECTOR = YES;
				GCC_WARN_UNINITIALIZED_AUTOS = YES_AGGRESSIVE;
				GCC_WARN_UNUSED_FUNCTION = YES;
				GCC_WARN_UNUSED_VARIABLE = YES;
				IPHONEOS_DEPLOYMENT_TARGET = 12.1;
				MTL_ENABLE_DEBUG_INFO = INCLUDE_SOURCE;
				MTL_FAST_MATH = YES;
				ONLY_ACTIVE_ARCH = YES;
				SDKROOT = iphoneos;
				SWIFT_ACTIVE_COMPILATION_CONDITIONS = DEBUG;
				SWIFT_OPTIMIZATION_LEVEL = "-Onone";
			};
			name = Debug;
		};
		EBF6E2E923165A5E001821C8 /* Release */ = {
			isa = XCBuildConfiguration;
			buildSettings = {
				ALWAYS_SEARCH_USER_PATHS = NO;
				CLANG_ANALYZER_NONNULL = YES;
				CLANG_ANALYZER_NUMBER_OBJECT_CONVERSION = YES_AGGRESSIVE;
				CLANG_CXX_LANGUAGE_STANDARD = "gnu++14";
				CLANG_CXX_LIBRARY = "libc++";
				CLANG_ENABLE_MODULES = YES;
				CLANG_ENABLE_OBJC_ARC = YES;
				CLANG_ENABLE_OBJC_WEAK = YES;
				CLANG_WARN_BLOCK_CAPTURE_AUTORELEASING = YES;
				CLANG_WARN_BOOL_CONVERSION = YES;
				CLANG_WARN_COMMA = YES;
				CLANG_WARN_CONSTANT_CONVERSION = YES;
				CLANG_WARN_DEPRECATED_OBJC_IMPLEMENTATIONS = YES;
				CLANG_WARN_DIRECT_OBJC_ISA_USAGE = YES_ERROR;
				CLANG_WARN_DOCUMENTATION_COMMENTS = YES;
				CLANG_WARN_EMPTY_BODY = YES;
				CLANG_WARN_ENUM_CONVERSION = YES;
				CLANG_WARN_INFINITE_RECURSION = YES;
				CLANG_WARN_INT_CONVERSION = YES;
				CLANG_WARN_NON_LITERAL_NULL_CONVERSION = YES;
				CLANG_WARN_OBJC_IMPLICIT_RETAIN_SELF = YES;
				CLANG_WARN_OBJC_LITERAL_CONVERSION = YES;
				CLANG_WARN_OBJC_ROOT_CLASS = YES_ERROR;
				CLANG_WARN_RANGE_LOOP_ANALYSIS = YES;
				CLANG_WARN_STRICT_PROTOTYPES = YES;
				CLANG_WARN_SUSPICIOUS_MOVE = YES;
				CLANG_WARN_UNGUARDED_AVAILABILITY = YES_AGGRESSIVE;
				CLANG_WARN_UNREACHABLE_CODE = YES;
				CLANG_WARN__DUPLICATE_METHOD_MATCH = YES;
				CODE_SIGN_IDENTITY = "iPhone Developer";
				COPY_PHASE_STRIP = NO;
				DEBUG_INFORMATION_FORMAT = "dwarf-with-dsym";
				ENABLE_NS_ASSERTIONS = NO;
				ENABLE_STRICT_OBJC_MSGSEND = YES;
				GCC_C_LANGUAGE_STANDARD = gnu11;
				GCC_NO_COMMON_BLOCKS = YES;
				GCC_WARN_64_TO_32_BIT_CONVERSION = YES;
				GCC_WARN_ABOUT_RETURN_TYPE = YES_ERROR;
				GCC_WARN_UNDECLARED_SELECTOR = YES;
				GCC_WARN_UNINITIALIZED_AUTOS = YES_AGGRESSIVE;
				GCC_WARN_UNUSED_FUNCTION = YES;
				GCC_WARN_UNUSED_VARIABLE = YES;
				IPHONEOS_DEPLOYMENT_TARGET = 12.1;
				MTL_ENABLE_DEBUG_INFO = NO;
				MTL_FAST_MATH = YES;
				SDKROOT = iphoneos;
				SWIFT_COMPILATION_MODE = wholemodule;
				SWIFT_OPTIMIZATION_LEVEL = "-O";
				VALIDATE_PRODUCT = YES;
			};
			name = Release;
		};
		EBF6E2EB23165A5E001821C8 /* Debug */ = {
			isa = XCBuildConfiguration;
			buildSettings = {
				ASSETCATALOG_COMPILER_APPICON_NAME = AppIcon;
				CODE_SIGN_STYLE = Automatic;
				DEVELOPMENT_TEAM = EP2V7LSDX5;
				INFOPLIST_FILE = PaginationTableview/Info.plist;
				LD_RUNPATH_SEARCH_PATHS = (
					"$(inherited)",
					"@executable_path/Frameworks",
				);
				PRODUCT_BUNDLE_IDENTIFIER = com.harish.PaginationTableview;
				PRODUCT_NAME = "$(TARGET_NAME)";
				SWIFT_VERSION = 4.2;
				TARGETED_DEVICE_FAMILY = "1,2";
			};
			name = Debug;
		};
		EBF6E2EC23165A5E001821C8 /* Release */ = {
			isa = XCBuildConfiguration;
			buildSettings = {
				ASSETCATALOG_COMPILER_APPICON_NAME = AppIcon;
				CODE_SIGN_STYLE = Automatic;
				DEVELOPMENT_TEAM = EP2V7LSDX5;
				INFOPLIST_FILE = PaginationTableview/Info.plist;
				LD_RUNPATH_SEARCH_PATHS = (
					"$(inherited)",
					"@executable_path/Frameworks",
				);
				PRODUCT_BUNDLE_IDENTIFIER = com.harish.PaginationTableview;
				PRODUCT_NAME = "$(TARGET_NAME)";
				SWIFT_VERSION = 4.2;
				TARGETED_DEVICE_FAMILY = "1,2";
			};
			name = Release;
		};
/* End XCBuildConfiguration section */

/* Begin XCConfigurationList section */
		EBF6E2D323165A4F001821C8 /* Build configuration list for PBXProject "PaginationTableview" */ = {
			isa = XCConfigurationList;
			buildConfigurations = (
				EBF6E2E823165A5E001821C8 /* Debug */,
				EBF6E2E923165A5E001821C8 /* Release */,
			);
			defaultConfigurationIsVisible = 0;
			defaultConfigurationName = Release;
		};
		EBF6E2EA23165A5E001821C8 /* Build configuration list for PBXNativeTarget "PaginationTableview" */ = {
			isa = XCConfigurationList;
			buildConfigurations = (
				EBF6E2EB23165A5E001821C8 /* Debug */,
				EBF6E2EC23165A5E001821C8 /* Release */,
			);
			defaultConfigurationIsVisible = 0;
			defaultConfigurationName = Release;
		};
/* End XCConfigurationList section */
	};
	rootObject = EBF6E2D023165A4F001821C8 /* Project object */;
}
